// !$*UTF8*$!
{
	archiveVersion = 1;
	classes = {
	};
	objectVersion = 46;
	objects = {

/* Begin PBXBuildFile section */
		DB36C1DA1D26195200090B96 /* main.m in Sources */ = {isa = PBXBuildFile; fileRef = DB36C1D91D26195200090B96 /* main.m */; };
		DB36C1DD1D26195200090B96 /* AppDelegate.m in Sources */ = {isa = PBXBuildFile; fileRef = DB36C1DC1D26195200090B96 /* AppDelegate.m */; };
		DB36C1E01D26195200090B96 /* ViewController.m in Sources */ = {isa = PBXBuildFile; fileRef = DB36C1DF1D26195200090B96 /* ViewController.m */; };
		DB36C1E31D26195200090B96 /* Main.storyboard in Resources */ = {isa = PBXBuildFile; fileRef = DB36C1E11D26195200090B96 /* Main.storyboard */; };
		DB36C1E51D26195200090B96 /* Assets.xcassets in Resources */ = {isa = PBXBuildFile; fileRef = DB36C1E41D26195200090B96 /* Assets.xcassets */; };
		DB36C1E81D26195200090B96 /* LaunchScreen.storyboard in Resources */ = {isa = PBXBuildFile; fileRef = DB36C1E61D26195200090B96 /* LaunchScreen.storyboard */; };
		DB36C1F11D26198700090B96 /* Cokey.m in Sources */ = {isa = PBXBuildFile; fileRef = DB36C1F01D26198700090B96 /* Cokey.m */; };
		DB36C1F41D261AF800090B96 /* RealCokey.m in Sources */ = {isa = PBXBuildFile; fileRef = DB36C1F31D261AF800090B96 /* RealCokey.m */; };
/* End PBXBuildFile section */

/* Begin PBXFileReference section */
		DB36C1D51D26195200090B96 /* demo_msgSend.app */ = {isa = PBXFileReference; explicitFileType = wrapper.application; includeInIndex = 0; path = demo_msgSend.app; sourceTree = BUILT_PRODUCTS_DIR; };
		DB36C1D91D26195200090B96 /* main.m */ = {isa = PBXFileReference; lastKnownFileType = sourcecode.c.objc; path = main.m; sourceTree = "<group>"; };
		DB36C1DB1D26195200090B96 /* AppDelegate.h */ = {isa = PBXFileReference; lastKnownFileType = sourcecode.c.h; path = AppDelegate.h; sourceTree = "<group>"; };
		DB36C1DC1D26195200090B96 /* AppDelegate.m */ = {isa = PBXFileReference; lastKnownFileType = sourcecode.c.objc; path = AppDelegate.m; sourceTree = "<group>"; };
		DB36C1DE1D26195200090B96 /* ViewController.h */ = {isa = PBXFileReference; lastKnownFileType = sourcecode.c.h; path = ViewController.h; sourceTree = "<group>"; };
		DB36C1DF1D26195200090B96 /* ViewController.m */ = {isa = PBXFileReference; lastKnownFileType = sourcecode.c.objc; path = ViewController.m; sourceTree = "<group>"; };
		DB36C1E21D26195200090B96 /* Base */ = {isa = PBXFileReference; lastKnownFileType = file.storyboard; name = Base; path = Base.lproj/Main.storyboard; sourceTree = "<group>"; };
		DB36C1E41D26195200090B96 /* Assets.xcassets */ = {isa = PBXFileReference; lastKnownFileType = folder.assetcatalog; path = Assets.xcassets; sourceTree = "<group>"; };
		DB36C1E71D26195200090B96 /* Base */ = {isa = PBXFileReference; lastKnownFileType = file.storyboard; name = Base; path = Base.lproj/LaunchScreen.storyboard; sourceTree = "<group>"; };
		DB36C1E91D26195200090B96 /* Info.plist */ = {isa = PBXFileReference; lastKnownFileType = text.plist.xml; path = Info.plist; sourceTree = "<group>"; };
		DB36C1EF1D26198700090B96 /* Cokey.h */ = {isa = PBXFileReference; fileEncoding = 4; lastKnownFileType = sourcecode.c.h; path = Cokey.h; sourceTree = "<group>"; };
		DB36C1F01D26198700090B96 /* Cokey.m */ = {isa = PBXFileReference; fileEncoding = 4; lastKnownFileType = sourcecode.c.objc; path = Cokey.m; sourceTree = "<group>"; };
		DB36C1F21D261AF800090B96 /* RealCokey.h */ = {isa = PBXFileReference; fileEncoding = 4; lastKnownFileType = sourcecode.c.h; path = RealCokey.h; sourceTree = "<group>"; };
		DB36C1F31D261AF800090B96 /* RealCokey.m */ = {isa = PBXFileReference; fileEncoding = 4; lastKnownFileType = sourcecode.c.objc; path = RealCokey.m; sourceTree = "<group>"; };
/* End PBXFileReference section */

/* Begin PBXFrameworksBuildPhase section */
		DB36C1D21D26195200090B96 /* Frameworks */ = {
			isa = PBXFrameworksBuildPhase;
			buildActionMask = 2147483647;
			files = (
			);
			runOnlyForDeploymentPostprocessing = 0;
		};
/* End PBXFrameworksBuildPhase section */

/* Begin PBXGroup section */
		DB36C1CC1D26195200090B96 = {
			isa = PBXGroup;
			children = (
				DB36C1D71D26195200090B96 /* demo_msgSend */,
				DB36C1D61D26195200090B96 /* Products */,
			);
			sourceTree = "<group>";
		};
		DB36C1D61D26195200090B96 /* Products */ = {
			isa = PBXGroup;
			children = (
				DB36C1D51D26195200090B96 /* demo_msgSend.app */,
			);
			name = Products;
			sourceTree = "<group>";
		};
		DB36C1D71D26195200090B96 /* demo_msgSend */ = {
			isa = PBXGroup;
			children = (
				DB36C1DB1D26195200090B96 /* AppDelegate.h */,
				DB36C1DC1D26195200090B96 /* AppDelegate.m */,
				DB36C1DE1D26195200090B96 /* ViewController.h */,
				DB36C1DF1D26195200090B96 /* ViewController.m */,
				DB36C1EF1D26198700090B96 /* Cokey.h */,
				DB36C1F01D26198700090B96 /* Cokey.m */,
				DB36C1F21D261AF800090B96 /* RealCokey.h */,
				DB36C1F31D261AF800090B96 /* RealCokey.m */,
				DB36C1E11D26195200090B96 /* Main.storyboard */,
				DB36C1E41D26195200090B96 /* Assets.xcassets */,
				DB36C1E61D26195200090B96 /* LaunchScreen.storyboard */,
				DB36C1E91D26195200090B96 /* Info.plist */,
				DB36C1D81D26195200090B96 /* Supporting Files */,
			);
			path = demo_msgSend;
			sourceTree = "<group>";
		};
		DB36C1D81D26195200090B96 /* Supporting Files */ = {
			isa = PBXGroup;
			children = (
				DB36C1D91D26195200090B96 /* main.m */,
			);
			name = "Supporting Files";
			sourceTree = "<group>";
		};
/* End PBXGroup section */

/* Begin PBXNativeTarget section */
		DB36C1D41D26195200090B96 /* demo_msgSend */ = {
			isa = PBXNativeTarget;
			buildConfigurationList = DB36C1EC1D26195200090B96 /* Build configuration list for PBXNativeTarget "demo_msgSend" */;
			buildPhases = (
				DB36C1D11D26195200090B96 /* Sources */,
				DB36C1D21D26195200090B96 /* Frameworks */,
				DB36C1D31D26195200090B96 /* Resources */,
			);
			buildRules = (
			);
			dependencies = (
			);
			name = demo_msgSend;
			productName = demo_msgSend;
			productReference = DB36C1D51D26195200090B96 /* demo_msgSend.app */;
			productType = "com.apple.product-type.application";
		};
/* End PBXNativeTarget section */

/* Begin PBXProject section */
		DB36C1CD1D26195200090B96 /* Project object */ = {
			isa = PBXProject;
			attributes = {
				LastUpgradeCheck = 0730;
				ORGANIZATIONNAME = doudou;
				TargetAttributes = {
					DB36C1D41D26195200090B96 = {
						CreatedOnToolsVersion = 7.3.1;
					};
				};
			};
			buildConfigurationList = DB36C1D01D26195200090B96 /* Build configuration list for PBXProject "demo_msgSend" */;
			compatibilityVersion = "Xcode 3.2";
			developmentRegion = English;
			hasScannedForEncodings = 0;
			knownRegions = (
				en,
				Base,
			);
			mainGroup = DB36C1CC1D26195200090B96;
			productRefGroup = DB36C1D61D26195200090B96 /* Products */;
			projectDirPath = "";
			projectRoot = "";
			targets = (
				DB36C1D41D26195200090B96 /* demo_msgSend */,
			);
		};
/* End PBXProject section */

/* Begin PBXResourcesBuildPhase section */
		DB36C1D31D26195200090B96 /* Resources */ = {
			isa = PBXResourcesBuildPhase;
			buildActionMask = 2147483647;
			files = (
				DB36C1E81D26195200090B96 /* LaunchScreen.storyboard in Resources */,
				DB36C1E51D26195200090B96 /* Assets.xcassets in Resources */,
				DB36C1E31D26195200090B96 /* Main.storyboard in Resources */,
			);
			runOnlyForDeploymentPostprocessing = 0;
		};
/* End PBXResourcesBuildPhase section */

/* Begin PBXSourcesBuildPhase section */
		DB36C1D11D26195200090B96 /* Sources */ = {
			isa = PBXSourcesBuildPhase;
			buildActionMask = 2147483647;
			files = (
				DB36C1E01D26195200090B96 /* ViewController.m in Sources */,
				DB36C1F11D26198700090B96 /* Cokey.m in Sources */,
				DB36C1F41D261AF800090B96 /* RealCokey.m in Sources */,
				DB36C1DD1D26195200090B96 /* AppDelegate.m in Sources */,
				DB36C1DA1D26195200090B96 /* main.m in Sources */,
			);
			runOnlyForDeploymentPostprocessing = 0;
		};
/* End PBXSourcesBuildPhase section */

/* Begin PBXVariantGroup section */
		DB36C1E11D26195200090B96 /* Main.storyboard */ = {
			isa = PBXVariantGroup;
			children = (
				DB36C1E21D26195200090B96 /* Base */,
			);
			name = Main.storyboard;
			sourceTree = "<group>";
		};
		DB36C1E61D26195200090B96 /* LaunchScreen.storyboard */ = {
			isa = PBXVariantGroup;
			children = (
				DB36C1E71D26195200090B96 /* Base */,
			);
			name = LaunchScreen.storyboard;
			sourceTree = "<group>";
		};
/* End PBXVariantGroup section */

/* Begin XCBuildConfiguration section */
		DB36C1EA1D26195200090B96 /* Debug */ = {
			isa = XCBuildConfiguration;
			buildSettings = {
				ALWAYS_SEARCH_USER_PATHS = NO;
				CLANG_ANALYZER_NONNULL = YES;
				CLANG_CXX_LANGUAGE_STANDARD = "gnu++0x";
				CLANG_CXX_LIBRARY = "libc++";
				CLANG_ENABLE_MODULES = YES;
				CLANG_ENABLE_OBJC_ARC = YES;
				CLANG_WARN_BOOL_CONVERSION = YES;
				CLANG_WARN_CONSTANT_CONVERSION = YES;
				CLANG_WARN_DIRECT_OBJC_ISA_USAGE = YES_ERROR;
				CLANG_WARN_EMPTY_BODY = YES;
				CLANG_WARN_ENUM_CONVERSION = YES;
				CLANG_WARN_INT_CONVERSION = YES;
				CLANG_WARN_OBJC_ROOT_CLASS = YES_ERROR;
				CLANG_WARN_UNREACHABLE_CODE = YES;
				CLANG_WARN__DUPLICATE_METHOD_MATCH = YES;
				"CODE_SIGN_IDENTITY[sdk=iphoneos*]" = "iPhone Developer";
				COPY_PHASE_STRIP = NO;
				DEBUG_INFORMATION_FORMAT = dwarf;
				ENABLE_STRICT_OBJC_MSGSEND = YES;
				ENABLE_TESTABILITY = YES;
				GCC_C_LANGUAGE_STANDARD = gnu99;
				GCC_DYNAMIC_NO_PIC = NO;
				GCC_NO_COMMON_BLOCKS = YES;
				GCC_OPTIMIZATION_LEVEL = 0;
				GCC_PREPROCESSOR_DEFINITIONS = (
					"DEBUG=1",
					"$(inherited)",
				);
				GCC_WARN_64_TO_32_BIT_CONVERSION = YES;
				GCC_WARN_ABOUT_RETURN_TYPE = YES_ERROR;
				GCC_WARN_UNDECLARED_SELECTOR = YES;
				GCC_WARN_UNINITIALIZED_AUTOS = YES_AGGRESSIVE;
				GCC_WARN_UNUSED_FUNCTION = YES;
				GCC_WARN_UNUSED_VARIABLE = YES;
				IPHONEOS_DEPLOYMENT_TARGET = 9.3;
				MTL_ENABLE_DEBUG_INFO = YES;
				ONLY_ACTIVE_ARCH = YES;
				SDKROOT = iphoneos;
				TARGETED_DEVICE_FAMILY = "1,2";
			};
			name = Debug;
		};
		DB36C1EB1D26195200090B96 /* Release */ = {
			isa = XCBuildConfiguration;
			buildSettings = {
				ALWAYS_SEARCH_USER_PATHS = NO;
				CLANG_ANALYZER_NONNULL = YES;
				CLANG_CXX_LANGUAGE_STANDARD = "gnu++0x";
				CLANG_CXX_LIBRARY = "libc++";
				CLANG_ENABLE_MODULES = YES;
				CLANG_ENABLE_OBJC_ARC = YES;
				CLANG_WARN_BOOL_CONVERSION = YES;
				CLANG_WARN_CONSTANT_CONVERSION = YES;
				CLANG_WARN_DIRECT_OBJC_ISA_USAGE = YES_ERROR;
				CLANG_WARN_EMPTY_BODY = YES;
				CLANG_WARN_ENUM_CONVERSION = YES;
				CLANG_WARN_INT_CONVERSION = YES;
				CLANG_WARN_OBJC_ROOT_CLASS = YES_ERROR;
				CLANG_WARN_UNREACHABLE_CODE = YES;
				CLANG_WARN__DUPLICATE_METHOD_MATCH = YES;
				"CODE_SIGN_IDENTITY[sdk=iphoneos*]" = "iPhone Developer";
				COPY_PHASE_STRIP = NO;
				DEBUG_INFORMATION_FORMAT = "dwarf-with-dsym";
				ENABLE_NS_ASSERTIONS = NO;
				ENABLE_STRICT_OBJC_MSGSEND = YES;
				GCC_C_LANGUAGE_STANDARD = gnu99;
				GCC_NO_COMMON_BLOCKS = YES;
				GCC_WARN_64_TO_32_BIT_CONVERSION = YES;
				GCC_WARN_ABOUT_RETURN_TYPE = YES_ERROR;
				GCC_WARN_UNDECLARED_SELECTOR = YES;
				GCC_WARN_UNINITIALIZED_AUTOS = YES_AGGRESSIVE;
				GCC_WARN_UNUSED_FUNCTION = YES;
				GCC_WARN_UNUSED_VARIABLE = YES;
				IPHONEOS_DEPLOYMENT_TARGET = 9.3;
				MTL_ENABLE_DEBUG_INFO = NO;
				SDKROOT = iphoneos;
				TARGETED_DEVICE_FAMILY = "1,2";
				VALIDATE_PRODUCT = YES;
			};
			name = Release;
		};
		DB36C1ED1D26195200090B96 /* Debug */ = {
			isa = XCBuildConfiguration;
			buildSettings = {
				ASSETCATALOG_COMPILER_APPICON_NAME = AppIcon;
				INFOPLIST_FILE = demo_msgSend/Info.plist;
				LD_RUNPATH_SEARCH_PATHS = "$(inherited) @executable_path/Frameworks";
				PRODUCT_BUNDLE_IDENTIFIER = "Test.demo-msgSend";
				PRODUCT_NAME = "$(TARGET_NAME)";
			};
			name = Debug;
		};
		DB36C1EE1D26195200090B96 /* Release */ = {
			isa = XCBuildConfiguration;
			buildSettings = {
				ASSETCATALOG_COMPILER_APPICON_NAME = AppIcon;
				INFOPLIST_FILE = demo_msgSend/Info.plist;
				LD_RUNPATH_SEARCH_PATHS = "$(inherited) @executable_path/Frameworks";
				PRODUCT_BUNDLE_IDENTIFIER = "Test.demo-msgSend";
				PRODUCT_NAME = "$(TARGET_NAME)";
			};
			name = Release;
		};
/* End XCBuildConfiguration section */

/* Begin XCConfigurationList section */
		DB36C1D01D26195200090B96 /* Build configuration list for PBXProject "demo_msgSend" */ = {
			isa = XCConfigurationList;
			buildConfigurations = (
				DB36C1EA1D26195200090B96 /* Debug */,
				DB36C1EB1D26195200090B96 /* Release */,
			);
			defaultConfigurationIsVisible = 0;
			defaultConfigurationName = Release;
		};
		DB36C1EC1D26195200090B96 /* Build configuration list for PBXNativeTarget "demo_msgSend" */ = {
			isa = XCConfigurationList;
			buildConfigurations = (
				DB36C1ED1D26195200090B96 /* Debug */,
				DB36C1EE1D26195200090B96 /* Release */,
			);
			defaultConfigurationIsVisible = 0;
		};
/* End XCConfigurationList section */
	};
	rootObject = DB36C1CD1D26195200090B96 /* Project object */;
}
